
Microsoft Visual Studio Solution File, Format Version 12.00
# Visual Studio Version 16
VisualStudioVersion = 16.0.30413.136
MinimumVisualStudioVersion = 10.0.40219.1
Project("{9A19103F-16F7-4668-BE54-9A1E7A4F7556}") = "Chat.Application", "Application\Chat.Application.csproj", "{9B309EEF-34B7-4C10-91B9-1CE6336E7291}"
EndProject
Project("{9A19103F-16F7-4668-BE54-9A1E7A4F7556}") = "Chat.Domain", "Domain\Chat.Domain.csproj", "{678CD677-F7A3-4A3D-8313-6500A638DB88}"
EndProject
Project("{9A19103F-16F7-4668-BE54-9A1E7A4F7556}") = "Chat.Infrastructure", "Infrastructure\Chat.Infrastructure.csproj", "{C2A0252D-4B71-4D85-B792-0D2B61F1DFDF}"
EndProject
Project("{9A19103F-16F7-4668-BE54-9A1E7A4F7556}") = "Chat.UI", "UI\Chat.UI.csproj", "{590B6DDB-B00F-43CA-8952-6C4AE07623AA}"
EndProject
Global
	GlobalSection(SolutionConfigurationPlatforms) = preSolution
		Debug|Any CPU = Debug|Any CPU
		Release|Any CPU = Release|Any CPU
	EndGlobalSection
	GlobalSection(ProjectConfigurationPlatforms) = postSolution
		{9B309EEF-34B7-4C10-91B9-1CE6336E7291}.Debug|Any CPU.ActiveCfg = Debug|Any CPU
		{9B309EEF-34B7-4C10-91B9-1CE6336E7291}.Debug|Any CPU.Build.0 = Debug|Any CPU
		{9B309EEF-34B7-4C10-91B9-1CE6336E7291}.Release|Any CPU.ActiveCfg = Release|Any CPU
		{9B309EEF-34B7-4C10-91B9-1CE6336E7291}.Release|Any CPU.Build.0 = Release|Any CPU
		{678CD677-F7A3-4A3D-8313-6500A638DB88}.Debug|Any CPU.ActiveCfg = Debug|Any CPU
		{678CD677-F7A3-4A3D-8313-6500A638DB88}.Debug|Any CPU.Build.0 = Debug|Any CPU
		{678CD677-F7A3-4A3D-8313-6500A638DB88}.Release|Any CPU.ActiveCfg = Release|Any CPU
		{678CD677-F7A3-4A3D-8313-6500A638DB88}.Release|Any CPU.Build.0 = Release|Any CPU
		{C2A0252D-4B71-4D85-B792-0D2B61F1DFDF}.Debug|Any CPU.ActiveCfg = Debug|Any CPU
		{C2A0252D-4B71-4D85-B792-0D2B61F1DFDF}.Debug|Any CPU.Build.0 = Debug|Any CPU
		{C2A0252D-4B71-4D85-B792-0D2B61F1DFDF}.Release|Any CPU.ActiveCfg = Release|Any CPU
		{C2A0252D-4B71-4D85-B792-0D2B61F1DFDF}.Release|Any CPU.Build.0 = Release|Any CPU
		{590B6DDB-B00F-43CA-8952-6C4AE07623AA}.Debug|Any CPU.ActiveCfg = Debug|Any CPU
		{590B6DDB-B00F-43CA-8952-6C4AE07623AA}.Debug|Any CPU.Build.0 = Debug|Any CPU
		{590B6DDB-B00F-43CA-8952-6C4AE07623AA}.Release|Any CPU.ActiveCfg = Release|Any CPU
		{590B6DDB-B00F-43CA-8952-6C4AE07623AA}.Release|Any CPU.Build.0 = Release|Any CPU
	EndGlobalSection
	GlobalSection(SolutionProperties) = preSolution
		HideSolutionNode = FALSE
	EndGlobalSection
	GlobalSection(ExtensibilityGlobals) = postSolution
		SolutionGuid = {CFCCD2B8-6D07-400E-9A74-1D5D741D7BAC}
	EndGlobalSection
EndGlobal
